
Microsoft Visual Studio Solution File, Format Version 12.00
# Visual Studio Version 17
VisualStudioVersion = 17.0.31903.59
MinimumVisualStudioVersion = 10.0.40219.1
Project("{2150E333-8FDC-42A3-9474-1A3956D46DE8}") = "src", "src", "{156E3E16-88CD-4ED2-8A2E-11A826747A6C}"
EndProject
Project("{FAE04EC0-301F-11D3-BF4B-00C04F79EFBC}") = "DbMigration", "src\DbMigration\DbMigration.csproj", "{F1006D6B-1085-4632-9195-BC237F84C851}"
EndProject
Project("{FAE04EC0-301F-11D3-BF4B-00C04F79EFBC}") = "ProductCatalogApi", "src\ProductCatalogApi\ProductCatalogApi.csproj", "{29B3721F-E596-492D-9EE6-5C4C8139BC26}"
EndProject
Project("{FAE04EC0-301F-11D3-BF4B-00C04F79EFBC}") = "ProductCatalogApiTests", "src\ProductCatalogApiTests\ProductCatalogApiTests.csproj", "{7D40C350-EE2F-4C74-B095-1D178A54236A}"
EndProject
Project("{FAE04EC0-301F-11D3-BF4B-00C04F79EFBC}") = "ShoppingSite", "src\ShoppingSite\ShoppingSite.csproj", "{37A38424-3607-453B-BA97-F3F974F01E93}"
EndProject
Project("{FAE04EC0-301F-11D3-BF4B-00C04F79EFBC}") = "MySiteContracts", "src\MySiteContracts\MySiteContracts.csproj", "{2F20988D-D4FF-432C-9A78-88FEE253BF4A}"
EndProject
Project("{FAE04EC0-301F-11D3-BF4B-00C04F79EFBC}") = "SalesOrders", "src\SalesOrders\SalesOrders.csproj", "{4CC246A8-06A8-4572-B2DA-80268F214858}"
EndProject
Global
	GlobalSection(SolutionConfigurationPlatforms) = preSolution
		Debug|Any CPU = Debug|Any CPU
		Debug|x64 = Debug|x64
		Debug|x86 = Debug|x86
		Release|Any CPU = Release|Any CPU
		Release|x64 = Release|x64
		Release|x86 = Release|x86
	EndGlobalSection
	GlobalSection(ProjectConfigurationPlatforms) = postSolution
		{F1006D6B-1085-4632-9195-BC237F84C851}.Debug|Any CPU.ActiveCfg = Debug|Any CPU
		{F1006D6B-1085-4632-9195-BC237F84C851}.Debug|Any CPU.Build.0 = Debug|Any CPU
		{F1006D6B-1085-4632-9195-BC237F84C851}.Debug|x64.ActiveCfg = Debug|Any CPU
		{F1006D6B-1085-4632-9195-BC237F84C851}.Debug|x64.Build.0 = Debug|Any CPU
		{F1006D6B-1085-4632-9195-BC237F84C851}.Debug|x86.ActiveCfg = Debug|Any CPU
		{F1006D6B-1085-4632-9195-BC237F84C851}.Debug|x86.Build.0 = Debug|Any CPU
		{F1006D6B-1085-4632-9195-BC237F84C851}.Release|Any CPU.ActiveCfg = Release|Any CPU
		{F1006D6B-1085-4632-9195-BC237F84C851}.Release|Any CPU.Build.0 = Release|Any CPU
		{F1006D6B-1085-4632-9195-BC237F84C851}.Release|x64.ActiveCfg = Release|Any CPU
		{F1006D6B-1085-4632-9195-BC237F84C851}.Release|x64.Build.0 = Release|Any CPU
		{F1006D6B-1085-4632-9195-BC237F84C851}.Release|x86.ActiveCfg = Release|Any CPU
		{F1006D6B-1085-4632-9195-BC237F84C851}.Release|x86.Build.0 = Release|Any CPU
		{29B3721F-E596-492D-9EE6-5C4C8139BC26}.Debug|Any CPU.ActiveCfg = Debug|Any CPU
		{29B3721F-E596-492D-9EE6-5C4C8139BC26}.Debug|Any CPU.Build.0 = Debug|Any CPU
		{29B3721F-E596-492D-9EE6-5C4C8139BC26}.Debug|x64.ActiveCfg = Debug|Any CPU
		{29B3721F-E596-492D-9EE6-5C4C8139BC26}.Debug|x64.Build.0 = Debug|Any CPU
		{29B3721F-E596-492D-9EE6-5C4C8139BC26}.Debug|x86.ActiveCfg = Debug|Any CPU
		{29B3721F-E596-492D-9EE6-5C4C8139BC26}.Debug|x86.Build.0 = Debug|Any CPU
		{29B3721F-E596-492D-9EE6-5C4C8139BC26}.Release|Any CPU.ActiveCfg = Release|Any CPU
		{29B3721F-E596-492D-9EE6-5C4C8139BC26}.Release|Any CPU.Build.0 = Release|Any CPU
		{29B3721F-E596-492D-9EE6-5C4C8139BC26}.Release|x64.ActiveCfg = Release|Any CPU
		{29B3721F-E596-492D-9EE6-5C4C8139BC26}.Release|x64.Build.0 = Release|Any CPU
		{29B3721F-E596-492D-9EE6-5C4C8139BC26}.Release|x86.ActiveCfg = Release|Any CPU
		{29B3721F-E596-492D-9EE6-5C4C8139BC26}.Release|x86.Build.0 = Release|Any CPU
		{7D40C350-EE2F-4C74-B095-1D178A54236A}.Debug|Any CPU.ActiveCfg = Debug|Any CPU
		{7D40C350-EE2F-4C74-B095-1D178A54236A}.Debug|Any CPU.Build.0 = Debug|Any CPU
		{7D40C350-EE2F-4C74-B095-1D178A54236A}.Debug|x64.ActiveCfg = Debug|Any CPU
		{7D40C350-EE2F-4C74-B095-1D178A54236A}.Debug|x64.Build.0 = Debug|Any CPU
		{7D40C350-EE2F-4C74-B095-1D178A54236A}.Debug|x86.ActiveCfg = Debug|Any CPU
		{7D40C350-EE2F-4C74-B095-1D178A54236A}.Debug|x86.Build.0 = Debug|Any CPU
		{7D40C350-EE2F-4C74-B095-1D178A54236A}.Release|Any CPU.ActiveCfg = Release|Any CPU
		{7D40C350-EE2F-4C74-B095-1D178A54236A}.Release|Any CPU.Build.0 = Release|Any CPU
		{7D40C350-EE2F-4C74-B095-1D178A54236A}.Release|x64.ActiveCfg = Release|Any CPU
		{7D40C350-EE2F-4C74-B095-1D178A54236A}.Release|x64.Build.0 = Release|Any CPU
		{7D40C350-EE2F-4C74-B095-1D178A54236A}.Release|x86.ActiveCfg = Release|Any CPU
		{7D40C350-EE2F-4C74-B095-1D178A54236A}.Release|x86.Build.0 = Release|Any CPU
		{37A38424-3607-453B-BA97-F3F974F01E93}.Debug|Any CPU.ActiveCfg = Debug|Any CPU
		{37A38424-3607-453B-BA97-F3F974F01E93}.Debug|Any CPU.Build.0 = Debug|Any CPU
		{37A38424-3607-453B-BA97-F3F974F01E93}.Debug|x64.ActiveCfg = Debug|Any CPU
		{37A38424-3607-453B-BA97-F3F974F01E93}.Debug|x64.Build.0 = Debug|Any CPU
		{37A38424-3607-453B-BA97-F3F974F01E93}.Debug|x86.ActiveCfg = Debug|Any CPU
		{37A38424-3607-453B-BA97-F3F974F01E93}.Debug|x86.Build.0 = Debug|Any CPU
		{37A38424-3607-453B-BA97-F3F974F01E93}.Release|Any CPU.ActiveCfg = Release|Any CPU
		{37A38424-3607-453B-BA97-F3F974F01E93}.Release|Any CPU.Build.0 = Release|Any CPU
		{37A38424-3607-453B-BA97-F3F974F01E93}.Release|x64.ActiveCfg = Release|Any CPU
		{37A38424-3607-453B-BA97-F3F974F01E93}.Release|x64.Build.0 = Release|Any CPU
		{37A38424-3607-453B-BA97-F3F974F01E93}.Release|x86.ActiveCfg = Release|Any CPU
		{37A38424-3607-453B-BA97-F3F974F01E93}.Release|x86.Build.0 = Release|Any CPU
		{2F20988D-D4FF-432C-9A78-88FEE253BF4A}.Debug|Any CPU.ActiveCfg = Debug|Any CPU
		{2F20988D-D4FF-432C-9A78-88FEE253BF4A}.Debug|Any CPU.Build.0 = Debug|Any CPU
		{2F20988D-D4FF-432C-9A78-88FEE253BF4A}.Debug|x64.ActiveCfg = Debug|Any CPU
		{2F20988D-D4FF-432C-9A78-88FEE253BF4A}.Debug|x64.Build.0 = Debug|Any CPU
		{2F20988D-D4FF-432C-9A78-88FEE253BF4A}.Debug|x86.ActiveCfg = Debug|Any CPU
		{2F20988D-D4FF-432C-9A78-88FEE253BF4A}.Debug|x86.Build.0 = Debug|Any CPU
		{2F20988D-D4FF-432C-9A78-88FEE253BF4A}.Release|Any CPU.ActiveCfg = Release|Any CPU
		{2F20988D-D4FF-432C-9A78-88FEE253BF4A}.Release|Any CPU.Build.0 = Release|Any CPU
		{2F20988D-D4FF-432C-9A78-88FEE253BF4A}.Release|x64.ActiveCfg = Release|Any CPU
		{2F20988D-D4FF-432C-9A78-88FEE253BF4A}.Release|x64.Build.0 = Release|Any CPU
		{2F20988D-D4FF-432C-9A78-88FEE253BF4A}.Release|x86.ActiveCfg = Release|Any CPU
		{2F20988D-D4FF-432C-9A78-88FEE253BF4A}.Release|x86.Build.0 = Release|Any CPU
		{4CC246A8-06A8-4572-B2DA-80268F214858}.Debug|Any CPU.ActiveCfg = Debug|Any CPU
		{4CC246A8-06A8-4572-B2DA-80268F214858}.Debug|Any CPU.Build.0 = Debug|Any CPU
		{4CC246A8-06A8-4572-B2DA-80268F214858}.Debug|x64.ActiveCfg = Debug|Any CPU
		{4CC246A8-06A8-4572-B2DA-80268F214858}.Debug|x64.Build.0 = Debug|Any CPU
		{4CC246A8-06A8-4572-B2DA-80268F214858}.Debug|x86.ActiveCfg = Debug|Any CPU
		{4CC246A8-06A8-4572-B2DA-80268F214858}.Debug|x86.Build.0 = Debug|Any CPU
		{4CC246A8-06A8-4572-B2DA-80268F214858}.Release|Any CPU.ActiveCfg = Release|Any CPU
		{4CC246A8-06A8-4572-B2DA-80268F214858}.Release|Any CPU.Build.0 = Release|Any CPU
		{4CC246A8-06A8-4572-B2DA-80268F214858}.Release|x64.ActiveCfg = Release|Any CPU
		{4CC246A8-06A8-4572-B2DA-80268F214858}.Release|x64.Build.0 = Release|Any CPU
		{4CC246A8-06A8-4572-B2DA-80268F214858}.Release|x86.ActiveCfg = Release|Any CPU
		{4CC246A8-06A8-4572-B2DA-80268F214858}.Release|x86.Build.0 = Release|Any CPU
	EndGlobalSection
	GlobalSection(SolutionProperties) = preSolution
		HideSolutionNode = FALSE
	EndGlobalSection
	GlobalSection(NestedProjects) = preSolution
		{F1006D6B-1085-4632-9195-BC237F84C851} = {156E3E16-88CD-4ED2-8A2E-11A826747A6C}
		{29B3721F-E596-492D-9EE6-5C4C8139BC26} = {156E3E16-88CD-4ED2-8A2E-11A826747A6C}
		{7D40C350-EE2F-4C74-B095-1D178A54236A} = {156E3E16-88CD-4ED2-8A2E-11A826747A6C}
		{37A38424-3607-453B-BA97-F3F974F01E93} = {156E3E16-88CD-4ED2-8A2E-11A826747A6C}
		{2F20988D-D4FF-432C-9A78-88FEE253BF4A} = {156E3E16-88CD-4ED2-8A2E-11A826747A6C}
		{4CC246A8-06A8-4572-B2DA-80268F214858} = {156E3E16-88CD-4ED2-8A2E-11A826747A6C}
	EndGlobalSection
EndGlobal
